
Microsoft Visual Studio Solution File, Format Version 12.00
# Visual Studio Version 16
VisualStudioVersion = 16.0.29326.143
MinimumVisualStudioVersion = 10.0.40219.1
Project("{FAE04EC0-301F-11D3-BF4B-00C04F79EFBC}") = "MyService", "MyService\MyService.csproj", "{527B2E95-5727-4104-BA20-E2545C6026E8}"
EndProject
Project("{54435603-DBB4-11D2-8724-00A0C9A8B90C}") = "Setup", "Setup\Setup.vdproj", "{48E71C7C-5E8E-4B79-AD2B-B5FD4F64F123}"
EndProject
Project("{FAE04EC0-301F-11D3-BF4B-00C04F79EFBC}") = "WpfAplication", "WpfAplication\WpfAplication.csproj", "{240EFA16-C169-41CD-A666-C02082217D25}"
EndProject
Project("{FAE04EC0-301F-11D3-BF4B-00C04F79EFBC}") = "ClassLibrary", "ClassLibrary\ClassLibrary.csproj", "{609FDB51-9141-45DD-8ADF-F0AB4ABA67E0}"
EndProject
Global
	GlobalSection(SolutionConfigurationPlatforms) = preSolution
		Debug|Any CPU = Debug|Any CPU
		Release|Any CPU = Release|Any CPU
	EndGlobalSection
	GlobalSection(ProjectConfigurationPlatforms) = postSolution
		{527B2E95-5727-4104-BA20-E2545C6026E8}.Debug|Any CPU.ActiveCfg = Debug|Any CPU
		{527B2E95-5727-4104-BA20-E2545C6026E8}.Debug|Any CPU.Build.0 = Debug|Any CPU
		{527B2E95-5727-4104-BA20-E2545C6026E8}.Release|Any CPU.ActiveCfg = Release|Any CPU
		{527B2E95-5727-4104-BA20-E2545C6026E8}.Release|Any CPU.Build.0 = Release|Any CPU
		{48E71C7C-5E8E-4B79-AD2B-B5FD4F64F123}.Debug|Any CPU.ActiveCfg = Debug
		{48E71C7C-5E8E-4B79-AD2B-B5FD4F64F123}.Release|Any CPU.ActiveCfg = Release
		{240EFA16-C169-41CD-A666-C02082217D25}.Debug|Any CPU.ActiveCfg = Debug|Any CPU
		{240EFA16-C169-41CD-A666-C02082217D25}.Debug|Any CPU.Build.0 = Debug|Any CPU
		{240EFA16-C169-41CD-A666-C02082217D25}.Release|Any CPU.ActiveCfg = Release|Any CPU
		{240EFA16-C169-41CD-A666-C02082217D25}.Release|Any CPU.Build.0 = Release|Any CPU
		{609FDB51-9141-45DD-8ADF-F0AB4ABA67E0}.Debug|Any CPU.ActiveCfg = Debug|Any CPU
		{609FDB51-9141-45DD-8ADF-F0AB4ABA67E0}.Debug|Any CPU.Build.0 = Debug|Any CPU
		{609FDB51-9141-45DD-8ADF-F0AB4ABA67E0}.Release|Any CPU.ActiveCfg = Release|Any CPU
		{609FDB51-9141-45DD-8ADF-F0AB4ABA67E0}.Release|Any CPU.Build.0 = Release|Any CPU
	EndGlobalSection
	GlobalSection(SolutionProperties) = preSolution
		HideSolutionNode = FALSE
	EndGlobalSection
	GlobalSection(ExtensibilityGlobals) = postSolution
		SolutionGuid = {F0A1DDAF-D4D0-4C46-AFFA-313BB7A6EB23}
	EndGlobalSection
EndGlobal
